// !$*UTF8*$!
{
	archiveVersion = 1;
	classes = {
	};
	objectVersion = 46;
	objects = {

/* Begin PBXBuildFile section */
		0D28D1C91A3F202D0008868C /* AppDelegate.m in Sources */ = {isa = PBXBuildFile; fileRef = 0D28D1B81A3F202D0008868C /* AppDelegate.m */; };
		0D28D1CA1A3F202D0008868C /* LaunchScreen.xib in Resources */ = {isa = PBXBuildFile; fileRef = 0D28D1B91A3F202D0008868C /* LaunchScreen.xib */; };
		0D28D1CB1A3F202D0008868C /* Main.storyboard in Resources */ = {isa = PBXBuildFile; fileRef = 0D28D1BB1A3F202D0008868C /* Main.storyboard */; };
		0D28D1CC1A3F202D0008868C /* Images.xcassets in Resources */ = {isa = PBXBuildFile; fileRef = 0D28D1BD1A3F202D0008868C /* Images.xcassets */; };
		0D28D1CD1A3F202D0008868C /* Info.plist in Resources */ = {isa = PBXBuildFile; fileRef = 0D28D1BE1A3F202D0008868C /* Info.plist */; };
		0D28D1CE1A3F202D0008868C /* main.m in Sources */ = {isa = PBXBuildFile; fileRef = 0D28D1BF1A3F202D0008868C /* main.m */; };
		0D28D1CF1A3F202D0008868C /* _VKRulerView.m in Sources */ = {isa = PBXBuildFile; fileRef = 0D28D1C21A3F202D0008868C /* _VKRulerView.m */; };
		0D28D1D01A3F202D0008868C /* VKArrowView.m in Sources */ = {isa = PBXBuildFile; fileRef = 0D28D1C41A3F202D0008868C /* VKArrowView.m */; };
		0D28D1D11A3F202D0008868C /* VKWeightSlider.m in Sources */ = {isa = PBXBuildFile; fileRef = 0D28D1C61A3F202D0008868C /* VKWeightSlider.m */; };
		0D28D1D21A3F202D0008868C /* ViewController.m in Sources */ = {isa = PBXBuildFile; fileRef = 0D28D1C81A3F202D0008868C /* ViewController.m */; };
/* End PBXBuildFile section */

/* Begin PBXFileReference section */
		0D28D1B71A3F202D0008868C /* AppDelegate.h */ = {isa = PBXFileReference; fileEncoding = 4; lastKnownFileType = sourcecode.c.h; path = AppDelegate.h; sourceTree = "<group>"; };
		0D28D1B81A3F202D0008868C /* AppDelegate.m */ = {isa = PBXFileReference; fileEncoding = 4; lastKnownFileType = sourcecode.c.objc; path = AppDelegate.m; sourceTree = "<group>"; };
		0D28D1BA1A3F202D0008868C /* Base */ = {isa = PBXFileReference; lastKnownFileType = file.xib; name = Base; path = Base.lproj/LaunchScreen.xib; sourceTree = "<group>"; };
		0D28D1BC1A3F202D0008868C /* Base */ = {isa = PBXFileReference; lastKnownFileType = file.storyboard; name = Base; path = Base.lproj/Main.storyboard; sourceTree = "<group>"; };
		0D28D1BD1A3F202D0008868C /* Images.xcassets */ = {isa = PBXFileReference; lastKnownFileType = folder.assetcatalog; path = Images.xcassets; sourceTree = "<group>"; };
		0D28D1BE1A3F202D0008868C /* Info.plist */ = {isa = PBXFileReference; fileEncoding = 4; lastKnownFileType = text.plist.xml; path = Info.plist; sourceTree = "<group>"; };
		0D28D1BF1A3F202D0008868C /* main.m */ = {isa = PBXFileReference; fileEncoding = 4; lastKnownFileType = sourcecode.c.objc; path = main.m; sourceTree = "<group>"; };
		0D28D1C11A3F202D0008868C /* _VKRulerView.h */ = {isa = PBXFileReference; fileEncoding = 4; lastKnownFileType = sourcecode.c.h; path = _VKRulerView.h; sourceTree = "<group>"; };
		0D28D1C21A3F202D0008868C /* _VKRulerView.m */ = {isa = PBXFileReference; fileEncoding = 4; lastKnownFileType = sourcecode.c.objc; path = _VKRulerView.m; sourceTree = "<group>"; };
		0D28D1C31A3F202D0008868C /* VKArrowView.h */ = {isa = PBXFileReference; fileEncoding = 4; lastKnownFileType = sourcecode.c.h; path = VKArrowView.h; sourceTree = "<group>"; };
		0D28D1C41A3F202D0008868C /* VKArrowView.m */ = {isa = PBXFileReference; fileEncoding = 4; lastKnownFileType = sourcecode.c.objc; path = VKArrowView.m; sourceTree = "<group>"; };
		0D28D1C51A3F202D0008868C /* VKWeightSlider.h */ = {isa = PBXFileReference; fileEncoding = 4; lastKnownFileType = sourcecode.c.h; path = VKWeightSlider.h; sourceTree = "<group>"; };
		0D28D1C61A3F202D0008868C /* VKWeightSlider.m */ = {isa = PBXFileReference; fileEncoding = 4; lastKnownFileType = sourcecode.c.objc; path = VKWeightSlider.m; sourceTree = "<group>"; };
		0D28D1C71A3F202D0008868C /* ViewController.h */ = {isa = PBXFileReference; fileEncoding = 4; lastKnownFileType = sourcecode.c.h; path = ViewController.h; sourceTree = "<group>"; };
		0D28D1C81A3F202D0008868C /* ViewController.m */ = {isa = PBXFileReference; fileEncoding = 4; lastKnownFileType = sourcecode.c.objc; path = ViewController.m; sourceTree = "<group>"; };
		3408A8711A3A70F800C5EB92 /* VKWeightSlider.app */ = {isa = PBXFileReference; explicitFileType = wrapper.application; includeInIndex = 0; path = VKWeightSlider.app; sourceTree = BUILT_PRODUCTS_DIR; };
/* End PBXFileReference section */

/* Begin PBXFrameworksBuildPhase section */
		3408A86E1A3A70F800C5EB92 /* Frameworks */ = {
			isa = PBXFrameworksBuildPhase;
			buildActionMask = 2147483647;
			files = (
			);
			runOnlyForDeploymentPostprocessing = 0;
		};
/* End PBXFrameworksBuildPhase section */

/* Begin PBXGroup section */
		0D28D1B61A3F202D0008868C /* VKWeightSlider */ = {
			isa = PBXGroup;
			children = (
				0D28D1C01A3F202D0008868C /* Source */,
				0D28D1B71A3F202D0008868C /* AppDelegate.h */,
				0D28D1B81A3F202D0008868C /* AppDelegate.m */,
				0D28D1B91A3F202D0008868C /* LaunchScreen.xib */,
				0D28D1BB1A3F202D0008868C /* Main.storyboard */,
				0D28D1BD1A3F202D0008868C /* Images.xcassets */,
				0D28D1BE1A3F202D0008868C /* Info.plist */,
				0D28D1BF1A3F202D0008868C /* main.m */,
				0D28D1C71A3F202D0008868C /* ViewController.h */,
				0D28D1C81A3F202D0008868C /* ViewController.m */,
			);
			path = VKWeightSlider;
			sourceTree = "<group>";
		};
		0D28D1C01A3F202D0008868C /* Source */ = {
			isa = PBXGroup;
			children = (
				0D28D1C11A3F202D0008868C /* _VKRulerView.h */,
				0D28D1C21A3F202D0008868C /* _VKRulerView.m */,
				0D28D1C31A3F202D0008868C /* VKArrowView.h */,
				0D28D1C41A3F202D0008868C /* VKArrowView.m */,
				0D28D1C51A3F202D0008868C /* VKWeightSlider.h */,
				0D28D1C61A3F202D0008868C /* VKWeightSlider.m */,
			);
			path = Source;
			sourceTree = "<group>";
		};
		3408A8681A3A70F800C5EB92 = {
			isa = PBXGroup;
			children = (
				0D28D1B61A3F202D0008868C /* VKWeightSlider */,
				3408A8721A3A70F800C5EB92 /* Products */,
			);
			sourceTree = "<group>";
		};
		3408A8721A3A70F800C5EB92 /* Products */ = {
			isa = PBXGroup;
			children = (
				3408A8711A3A70F800C5EB92 /* VKWeightSlider.app */,
			);
			name = Products;
			sourceTree = "<group>";
		};
/* End PBXGroup section */

/* Begin PBXNativeTarget section */
		3408A8701A3A70F800C5EB92 /* VKWeightSlider */ = {
			isa = PBXNativeTarget;
			buildConfigurationList = 3408A8941A3A70F800C5EB92 /* Build configuration list for PBXNativeTarget "VKWeightSlider" */;
			buildPhases = (
				3408A86D1A3A70F800C5EB92 /* Sources */,
				3408A86E1A3A70F800C5EB92 /* Frameworks */,
				3408A86F1A3A70F800C5EB92 /* Resources */,
			);
			buildRules = (
			);
			dependencies = (
			);
			name = VKWeightSlider;
			productName = VKWeightSlider;
			productReference = 3408A8711A3A70F800C5EB92 /* VKWeightSlider.app */;
			productType = "com.apple.product-type.application";
		};
/* End PBXNativeTarget section */

/* Begin PBXProject section */
		3408A8691A3A70F800C5EB92 /* Project object */ = {
			isa = PBXProject;
			attributes = {
				LastUpgradeCheck = 0610;
				ORGANIZATIONNAME = koalapps;
				TargetAttributes = {
					3408A8701A3A70F800C5EB92 = {
						CreatedOnToolsVersion = 6.1.1;
					};
				};
			};
			buildConfigurationList = 3408A86C1A3A70F800C5EB92 /* Build configuration list for PBXProject "VKWeightSlider" */;
			compatibilityVersion = "Xcode 3.2";
			developmentRegion = English;
			hasScannedForEncodings = 0;
			knownRegions = (
				en,
				Base,
			);
			mainGroup = 3408A8681A3A70F800C5EB92;
			productRefGroup = 3408A8721A3A70F800C5EB92 /* Products */;
			projectDirPath = "";
			projectRoot = "";
			targets = (
				3408A8701A3A70F800C5EB92 /* VKWeightSlider */,
			);
		};
/* End PBXProject section */

/* Begin PBXResourcesBuildPhase section */
		3408A86F1A3A70F800C5EB92 /* Resources */ = {
			isa = PBXResourcesBuildPhase;
			buildActionMask = 2147483647;
			files = (
				0D28D1CD1A3F202D0008868C /* Info.plist in Resources */,
				0D28D1CC1A3F202D0008868C /* Images.xcassets in Resources */,
				0D28D1CA1A3F202D0008868C /* LaunchScreen.xib in Resources */,
				0D28D1CB1A3F202D0008868C /* Main.storyboard in Resources */,
			);
			runOnlyForDeploymentPostprocessing = 0;
		};
/* End PBXResourcesBuildPhase section */

/* Begin PBXSourcesBuildPhase section */
		3408A86D1A3A70F800C5EB92 /* Sources */ = {
			isa = PBXSourcesBuildPhase;
			buildActionMask = 2147483647;
			files = (
				0D28D1D21A3F202D0008868C /* ViewController.m in Sources */,
				0D28D1D01A3F202D0008868C /* VKArrowView.m in Sources */,
				0D28D1CE1A3F202D0008868C /* main.m in Sources */,
				0D28D1C91A3F202D0008868C /* AppDelegate.m in Sources */,
				0D28D1CF1A3F202D0008868C /* _VKRulerView.m in Sources */,
				0D28D1D11A3F202D0008868C /* VKWeightSlider.m in Sources */,
			);
			runOnlyForDeploymentPostprocessing = 0;
		};
/* End PBXSourcesBuildPhase section */

/* Begin PBXVariantGroup section */
		0D28D1B91A3F202D0008868C /* LaunchScreen.xib */ = {
			isa = PBXVariantGroup;
			children = (
				0D28D1BA1A3F202D0008868C /* Base */,
			);
			name = LaunchScreen.xib;
			sourceTree = "<group>";
		};
		0D28D1BB1A3F202D0008868C /* Main.storyboard */ = {
			isa = PBXVariantGroup;
			children = (
				0D28D1BC1A3F202D0008868C /* Base */,
			);
			name = Main.storyboard;
			sourceTree = "<group>";
		};
/* End PBXVariantGroup section */

/* Begin XCBuildConfiguration section */
		3408A8921A3A70F800C5EB92 /* Debug */ = {
			isa = XCBuildConfiguration;
			buildSettings = {
				ALWAYS_SEARCH_USER_PATHS = NO;
				CLANG_CXX_LANGUAGE_STANDARD = "gnu++0x";
				CLANG_CXX_LIBRARY = "libc++";
				CLANG_ENABLE_MODULES = YES;
				CLANG_ENABLE_OBJC_ARC = YES;
				CLANG_WARN_BOOL_CONVERSION = YES;
				CLANG_WARN_CONSTANT_CONVERSION = YES;
				CLANG_WARN_DIRECT_OBJC_ISA_USAGE = YES_ERROR;
				CLANG_WARN_EMPTY_BODY = YES;
				CLANG_WARN_ENUM_CONVERSION = YES;
				CLANG_WARN_INT_CONVERSION = YES;
				CLANG_WARN_OBJC_ROOT_CLASS = YES_ERROR;
				CLANG_WARN_UNREACHABLE_CODE = YES;
				CLANG_WARN__DUPLICATE_METHOD_MATCH = YES;
				"CODE_SIGN_IDENTITY[sdk=iphoneos*]" = "iPhone Developer";
				COPY_PHASE_STRIP = NO;
				ENABLE_STRICT_OBJC_MSGSEND = YES;
				GCC_C_LANGUAGE_STANDARD = gnu99;
				GCC_DYNAMIC_NO_PIC = NO;
				GCC_OPTIMIZATION_LEVEL = 0;
				GCC_PREPROCESSOR_DEFINITIONS = (
					"DEBUG=1",
					"$(inherited)",
				);
				GCC_SYMBOLS_PRIVATE_EXTERN = NO;
				GCC_WARN_64_TO_32_BIT_CONVERSION = YES;
				GCC_WARN_ABOUT_RETURN_TYPE = YES_ERROR;
				GCC_WARN_UNDECLARED_SELECTOR = YES;
				GCC_WARN_UNINITIALIZED_AUTOS = YES_AGGRESSIVE;
				GCC_WARN_UNUSED_FUNCTION = YES;
				GCC_WARN_UNUSED_VARIABLE = YES;
				IPHONEOS_DEPLOYMENT_TARGET = 8.1;
				MTL_ENABLE_DEBUG_INFO = YES;
				ONLY_ACTIVE_ARCH = YES;
				SDKROOT = iphoneos;
				TARGETED_DEVICE_FAMILY = "1,2";
			};
			name = Debug;
		};
		3408A8931A3A70F800C5EB92 /* Release */ = {
			isa = XCBuildConfiguration;
			buildSettings = {
				ALWAYS_SEARCH_USER_PATHS = NO;
				CLANG_CXX_LANGUAGE_STANDARD = "gnu++0x";
				CLANG_CXX_LIBRARY = "libc++";
				CLANG_ENABLE_MODULES = YES;
				CLANG_ENABLE_OBJC_ARC = YES;
				CLANG_WARN_BOOL_CONVERSION = YES;
				CLANG_WARN_CONSTANT_CONVERSION = YES;
				CLANG_WARN_DIRECT_OBJC_ISA_USAGE = YES_ERROR;
				CLANG_WARN_EMPTY_BODY = YES;
				CLANG_WARN_ENUM_CONVERSION = YES;
				CLANG_WARN_INT_CONVERSION = YES;
				CLANG_WARN_OBJC_ROOT_CLASS = YES_ERROR;
				CLANG_WARN_UNREACHABLE_CODE = YES;
				CLANG_WARN__DUPLICATE_METHOD_MATCH = YES;
				"CODE_SIGN_IDENTITY[sdk=iphoneos*]" = "iPhone Developer";
				COPY_PHASE_STRIP = YES;
				ENABLE_NS_ASSERTIONS = NO;
				ENABLE_STRICT_OBJC_MSGSEND = YES;
				GCC_C_LANGUAGE_STANDARD = gnu99;
				GCC_WARN_64_TO_32_BIT_CONVERSION = YES;
				GCC_WARN_ABOUT_RETURN_TYPE = YES_ERROR;
				GCC_WARN_UNDECLARED_SELECTOR = YES;
				GCC_WARN_UNINITIALIZED_AUTOS = YES_AGGRESSIVE;
				GCC_WARN_UNUSED_FUNCTION = YES;
				GCC_WARN_UNUSED_VARIABLE = YES;
				IPHONEOS_DEPLOYMENT_TARGET = 8.1;
				MTL_ENABLE_DEBUG_INFO = NO;
				SDKROOT = iphoneos;
				TARGETED_DEVICE_FAMILY = "1,2";
				VALIDATE_PRODUCT = YES;
			};
			name = Release;
		};
		3408A8951A3A70F800C5EB92 /* Debug */ = {
			isa = XCBuildConfiguration;
			buildSettings = {
				ASSETCATALOG_COMPILER_APPICON_NAME = AppIcon;
				INFOPLIST_FILE = VKWeightSlider/Info.plist;
				IPHONEOS_DEPLOYMENT_TARGET = 8.1;
				LD_RUNPATH_SEARCH_PATHS = "$(inherited) @executable_path/Frameworks";
				PRODUCT_NAME = "$(TARGET_NAME)";
			};
			name = Debug;
		};
		3408A8961A3A70F800C5EB92 /* Release */ = {
			isa = XCBuildConfiguration;
			buildSettings = {
				ASSETCATALOG_COMPILER_APPICON_NAME = AppIcon;
				INFOPLIST_FILE = VKWeightSlider/Info.plist;
				IPHONEOS_DEPLOYMENT_TARGET = 8.1;
				LD_RUNPATH_SEARCH_PATHS = "$(inherited) @executable_path/Frameworks";
				PRODUCT_NAME = "$(TARGET_NAME)";
			};
			name = Release;
		};
/* End XCBuildConfiguration section */

/* Begin XCConfigurationList section */
		3408A86C1A3A70F800C5EB92 /* Build configuration list for PBXProject "VKWeightSlider" */ = {
			isa = XCConfigurationList;
			buildConfigurations = (
				3408A8921A3A70F800C5EB92 /* Debug */,
				3408A8931A3A70F800C5EB92 /* Release */,
			);
			defaultConfigurationIsVisible = 0;
			defaultConfigurationName = Release;
		};
		3408A8941A3A70F800C5EB92 /* Build configuration list for PBXNativeTarget "VKWeightSlider" */ = {
			isa = XCConfigurationList;
			buildConfigurations = (
				3408A8951A3A70F800C5EB92 /* Debug */,
				3408A8961A3A70F800C5EB92 /* Release */,
			);
			defaultConfigurationIsVisible = 0;
			defaultConfigurationName = Release;
		};
/* End XCConfigurationList section */
	};
	rootObject = 3408A8691A3A70F800C5EB92 /* Project object */;
}
